
Microsoft Visual Studio Solution File, Format Version 12.00
# Visual Studio Version 16
VisualStudioVersion = 16.0.30114.105
MinimumVisualStudioVersion = 10.0.40219.1
Project("{FAE04EC0-301F-11D3-BF4B-00C04F79EFBC}") = "BuisnessLayer", "BuisnessLayer\BuisnessLayer.csproj", "{1829CD7A-A8E2-40B4-B507-70A65F39F36F}"
EndProject
Project("{FAE04EC0-301F-11D3-BF4B-00C04F79EFBC}") = "DataAccessLayer", "DataAccessLayer\DataAccessLayer.csproj", "{930CF624-5FAC-41FB-B30F-879E7A86D1E0}"
EndProject
Global
	GlobalSection(SolutionConfigurationPlatforms) = preSolution
		Debug|Any CPU = Debug|Any CPU
		Debug|x64 = Debug|x64
		Debug|x86 = Debug|x86
		Release|Any CPU = Release|Any CPU
		Release|x64 = Release|x64
		Release|x86 = Release|x86
	EndGlobalSection
	GlobalSection(SolutionProperties) = preSolution
		HideSolutionNode = FALSE
	EndGlobalSection
	GlobalSection(ProjectConfigurationPlatforms) = postSolution
		{1829CD7A-A8E2-40B4-B507-70A65F39F36F}.Debug|Any CPU.ActiveCfg = Debug|Any CPU
		{1829CD7A-A8E2-40B4-B507-70A65F39F36F}.Debug|Any CPU.Build.0 = Debug|Any CPU
		{1829CD7A-A8E2-40B4-B507-70A65F39F36F}.Debug|x64.ActiveCfg = Debug|Any CPU
		{1829CD7A-A8E2-40B4-B507-70A65F39F36F}.Debug|x64.Build.0 = Debug|Any CPU
		{1829CD7A-A8E2-40B4-B507-70A65F39F36F}.Debug|x86.ActiveCfg = Debug|Any CPU
		{1829CD7A-A8E2-40B4-B507-70A65F39F36F}.Debug|x86.Build.0 = Debug|Any CPU
		{1829CD7A-A8E2-40B4-B507-70A65F39F36F}.Release|Any CPU.ActiveCfg = Release|Any CPU
		{1829CD7A-A8E2-40B4-B507-70A65F39F36F}.Release|Any CPU.Build.0 = Release|Any CPU
		{1829CD7A-A8E2-40B4-B507-70A65F39F36F}.Release|x64.ActiveCfg = Release|Any CPU
		{1829CD7A-A8E2-40B4-B507-70A65F39F36F}.Release|x64.Build.0 = Release|Any CPU
		{1829CD7A-A8E2-40B4-B507-70A65F39F36F}.Release|x86.ActiveCfg = Release|Any CPU
		{1829CD7A-A8E2-40B4-B507-70A65F39F36F}.Release|x86.Build.0 = Release|Any CPU
		{930CF624-5FAC-41FB-B30F-879E7A86D1E0}.Debug|Any CPU.ActiveCfg = Debug|Any CPU
		{930CF624-5FAC-41FB-B30F-879E7A86D1E0}.Debug|Any CPU.Build.0 = Debug|Any CPU
		{930CF624-5FAC-41FB-B30F-879E7A86D1E0}.Debug|x64.ActiveCfg = Debug|Any CPU
		{930CF624-5FAC-41FB-B30F-879E7A86D1E0}.Debug|x64.Build.0 = Debug|Any CPU
		{930CF624-5FAC-41FB-B30F-879E7A86D1E0}.Debug|x86.ActiveCfg = Debug|Any CPU
		{930CF624-5FAC-41FB-B30F-879E7A86D1E0}.Debug|x86.Build.0 = Debug|Any CPU
		{930CF624-5FAC-41FB-B30F-879E7A86D1E0}.Release|Any CPU.ActiveCfg = Release|Any CPU
		{930CF624-5FAC-41FB-B30F-879E7A86D1E0}.Release|Any CPU.Build.0 = Release|Any CPU
		{930CF624-5FAC-41FB-B30F-879E7A86D1E0}.Release|x64.ActiveCfg = Release|Any CPU
		{930CF624-5FAC-41FB-B30F-879E7A86D1E0}.Release|x64.Build.0 = Release|Any CPU
		{930CF624-5FAC-41FB-B30F-879E7A86D1E0}.Release|x86.ActiveCfg = Release|Any CPU
		{930CF624-5FAC-41FB-B30F-879E7A86D1E0}.Release|x86.Build.0 = Release|Any CPU
	EndGlobalSection
EndGlobal
